
Microsoft Visual Studio Solution File, Format Version 12.00
# Visual Studio Version 16
VisualStudioVersion = 16.0.31424.327
MinimumVisualStudioVersion = 10.0.40219.1
Project("{8BC9CEB8-8B4A-11D0-8D11-00A0C91BC942}") = "SK-Lib-cmath-nexttoward-Bagian3__CPP", "SK-Lib-cmath-nexttoward-Bagian3__CPP\SK-Lib-cmath-nexttoward-Bagian3__CPP.vcxproj", "{3D625CDE-A00A-4F91-9A77-549F7D59FDFB}"
EndProject
Global
	GlobalSection(SolutionConfigurationPlatforms) = preSolution
		Debug|x64 = Debug|x64
		Debug|x86 = Debug|x86
		Release|x64 = Release|x64
		Release|x86 = Release|x86
	EndGlobalSection
	GlobalSection(ProjectConfigurationPlatforms) = postSolution
		{3D625CDE-A00A-4F91-9A77-549F7D59FDFB}.Debug|x64.ActiveCfg = Debug|x64
		{3D625CDE-A00A-4F91-9A77-549F7D59FDFB}.Debug|x64.Build.0 = Debug|x64
		{3D625CDE-A00A-4F91-9A77-549F7D59FDFB}.Debug|x86.ActiveCfg = Debug|Win32
		{3D625CDE-A00A-4F91-9A77-549F7D59FDFB}.Debug|x86.Build.0 = Debug|Win32
		{3D625CDE-A00A-4F91-9A77-549F7D59FDFB}.Release|x64.ActiveCfg = Release|x64
		{3D625CDE-A00A-4F91-9A77-549F7D59FDFB}.Release|x64.Build.0 = Release|x64
		{3D625CDE-A00A-4F91-9A77-549F7D59FDFB}.Release|x86.ActiveCfg = Release|Win32
		{3D625CDE-A00A-4F91-9A77-549F7D59FDFB}.Release|x86.Build.0 = Release|Win32
	EndGlobalSection
	GlobalSection(SolutionProperties) = preSolution
		HideSolutionNode = FALSE
	EndGlobalSection
	GlobalSection(ExtensibilityGlobals) = postSolution
		SolutionGuid = {5B0EFA81-8EDE-4E1E-BF30-EB3890E68F9B}
	EndGlobalSection
EndGlobal
